
Microsoft Visual Studio Solution File, Format Version 12.00
# Visual Studio Version 17
VisualStudioVersion = 17.0.31903.59
MinimumVisualStudioVersion = 10.0.40219.1
Project("{2150E333-8FDC-42A3-9474-1A3956D46DE8}") = "src", "src", "{4FFE6289-748D-4B28-A001-EDE7901F77F6}"
EndProject
Project("{FAE04EC0-301F-11D3-BF4B-00C04F79EFBC}") = "VendObjects", "src\VendObjects\VendObjects.csproj", "{650BBC23-9CAB-42CB-AEDC-139FB20A2921}"
EndProject
Project("{2150E333-8FDC-42A3-9474-1A3956D46DE8}") = "test", "test", "{180953B6-F7EA-4EBE-9F60-09A49049DA27}"
EndProject
Project("{FAE04EC0-301F-11D3-BF4B-00C04F79EFBC}") = "VendObjects.Tests", "test\VendObjects.Tests\VendObjects.Tests.csproj", "{74FC6F70-2383-4DB3-BCD1-24C684DB32D4}"
EndProject
Global
	GlobalSection(SolutionConfigurationPlatforms) = preSolution
		Debug|Any CPU = Debug|Any CPU
		Release|Any CPU = Release|Any CPU
	EndGlobalSection
	GlobalSection(SolutionProperties) = preSolution
		HideSolutionNode = FALSE
	EndGlobalSection
	GlobalSection(ProjectConfigurationPlatforms) = postSolution
		{650BBC23-9CAB-42CB-AEDC-139FB20A2921}.Debug|Any CPU.ActiveCfg = Debug|Any CPU
		{650BBC23-9CAB-42CB-AEDC-139FB20A2921}.Debug|Any CPU.Build.0 = Debug|Any CPU
		{650BBC23-9CAB-42CB-AEDC-139FB20A2921}.Release|Any CPU.ActiveCfg = Release|Any CPU
		{650BBC23-9CAB-42CB-AEDC-139FB20A2921}.Release|Any CPU.Build.0 = Release|Any CPU
		{74FC6F70-2383-4DB3-BCD1-24C684DB32D4}.Debug|Any CPU.ActiveCfg = Debug|Any CPU
		{74FC6F70-2383-4DB3-BCD1-24C684DB32D4}.Debug|Any CPU.Build.0 = Debug|Any CPU
		{74FC6F70-2383-4DB3-BCD1-24C684DB32D4}.Release|Any CPU.ActiveCfg = Release|Any CPU
		{74FC6F70-2383-4DB3-BCD1-24C684DB32D4}.Release|Any CPU.Build.0 = Release|Any CPU
	EndGlobalSection
	GlobalSection(NestedProjects) = preSolution
		{650BBC23-9CAB-42CB-AEDC-139FB20A2921} = {4FFE6289-748D-4B28-A001-EDE7901F77F6}
		{74FC6F70-2383-4DB3-BCD1-24C684DB32D4} = {180953B6-F7EA-4EBE-9F60-09A49049DA27}
	EndGlobalSection
EndGlobal
